{
  "pins" : [
    {
      "identity" : "espeak-ng-spm",
      "kind" : "remoteSourceControl",
      "location" : "https://github.com/IhorShevchuk/espeak-ng-spm.git",
      "state" : {
        "revision" : "d1a0e917cf23b3f77efa4c9c96549e737cbc0987",
        "version" : "2025.9.17"
      }
    },
    {
      "identity" : "piper1-gpl-spm",
      "kind" : "remoteSourceControl",
      "location" : "https://github.com/IhorShevchuk/piper1-gpl-spm.git",
      "state" : {
        "revision" : "32ecc486fd10ce0fd9d6f8d6ed419649ed592996",
        "version" : "0.1.2"
      }
    }
  ],
  "version" : 2
}
