{
  "pins" : [
    {
      "identity" : "espeak-ng-spm",
      "kind" : "remoteSourceControl",
      "location" : "https://github.com/IhorShevchuk/espeak-ng-spm.git",
      "state" : {
        "revision" : "dda87cd7efcc832db857c78c7ae68839ba9bb43e",
        "version" : "2025.10.11"
      }
    },
    {
      "identity" : "piper1-gpl-spm",
      "kind" : "remoteSourceControl",
      "location" : "https://github.com/IhorShevchuk/piper1-gpl-spm.git",
      "state" : {
        "revision" : "3eb0aa64359cc6892968cc54e4c26e3ad4495d28",
        "version" : "0.1.3"
      }
    }
  ],
  "version" : 2
}
